
Microsoft Visual Studio Solution File, Format Version 12.00
# Visual Studio Version 16
VisualStudioVersion = 16.0.31112.23
MinimumVisualStudioVersion = 10.0.40219.1
Project("{FAE04EC0-301F-11D3-BF4B-00C04F79EFBC}") = "prjHw1", "prjHw1\prjHw1.csproj", "{ADC498DD-421B-41CD-A460-481ACD1D59ED}"
EndProject
Global
	GlobalSection(SolutionConfigurationPlatforms) = preSolution
		Debug|Any CPU = Debug|Any CPU
		Release|Any CPU = Release|Any CPU
	EndGlobalSection
	GlobalSection(ProjectConfigurationPlatforms) = postSolution
		{ADC498DD-421B-41CD-A460-481ACD1D59ED}.Debug|Any CPU.ActiveCfg = Debug|Any CPU
		{ADC498DD-421B-41CD-A460-481ACD1D59ED}.Debug|Any CPU.Build.0 = Debug|Any CPU
		{ADC498DD-421B-41CD-A460-481ACD1D59ED}.Release|Any CPU.ActiveCfg = Release|Any CPU
		{ADC498DD-421B-41CD-A460-481ACD1D59ED}.Release|Any CPU.Build.0 = Release|Any CPU
	EndGlobalSection
	GlobalSection(SolutionProperties) = preSolution
		HideSolutionNode = FALSE
	EndGlobalSection
	GlobalSection(ExtensibilityGlobals) = postSolution
		SolutionGuid = {438FC255-8C19-4945-8EE6-72C46836BF09}
	EndGlobalSection
EndGlobal
